
Microsoft Visual Studio Solution File, Format Version 12.00
# Visual Studio 15
VisualStudioVersion = 15.0.28307.779
MinimumVisualStudioVersion = 10.0.40219.1
Project("{9A19103F-16F7-4668-BE54-9A1E7A4F7556}") = "RestItemService", "RestItemService\RestItemService.csproj", "{5BE6554D-9698-4A11-B8AE-D16B25A8C224}"
EndProject
Project("{9A19103F-16F7-4668-BE54-9A1E7A4F7556}") = "ModelLib", "ModelLib\ModelLib.csproj", "{DC31644C-3661-43B0-9BCF-7DA249226243}"
EndProject
Project("{FAE04EC0-301F-11D3-BF4B-00C04F79EFBC}") = "TestItemservice", "TestItemservice\TestItemservice.csproj", "{E5A2F081-1266-4FF4-98B1-06643686F065}"
EndProject
Global
	GlobalSection(SolutionConfigurationPlatforms) = preSolution
		Debug|Any CPU = Debug|Any CPU
		Release|Any CPU = Release|Any CPU
	EndGlobalSection
	GlobalSection(ProjectConfigurationPlatforms) = postSolution
		{5BE6554D-9698-4A11-B8AE-D16B25A8C224}.Debug|Any CPU.ActiveCfg = Debug|Any CPU
		{5BE6554D-9698-4A11-B8AE-D16B25A8C224}.Debug|Any CPU.Build.0 = Debug|Any CPU
		{5BE6554D-9698-4A11-B8AE-D16B25A8C224}.Release|Any CPU.ActiveCfg = Release|Any CPU
		{5BE6554D-9698-4A11-B8AE-D16B25A8C224}.Release|Any CPU.Build.0 = Release|Any CPU
		{DC31644C-3661-43B0-9BCF-7DA249226243}.Debug|Any CPU.ActiveCfg = Debug|Any CPU
		{DC31644C-3661-43B0-9BCF-7DA249226243}.Debug|Any CPU.Build.0 = Debug|Any CPU
		{DC31644C-3661-43B0-9BCF-7DA249226243}.Release|Any CPU.ActiveCfg = Release|Any CPU
		{DC31644C-3661-43B0-9BCF-7DA249226243}.Release|Any CPU.Build.0 = Release|Any CPU
		{E5A2F081-1266-4FF4-98B1-06643686F065}.Debug|Any CPU.ActiveCfg = Debug|Any CPU
		{E5A2F081-1266-4FF4-98B1-06643686F065}.Debug|Any CPU.Build.0 = Debug|Any CPU
		{E5A2F081-1266-4FF4-98B1-06643686F065}.Release|Any CPU.ActiveCfg = Release|Any CPU
		{E5A2F081-1266-4FF4-98B1-06643686F065}.Release|Any CPU.Build.0 = Release|Any CPU
	EndGlobalSection
	GlobalSection(SolutionProperties) = preSolution
		HideSolutionNode = FALSE
	EndGlobalSection
	GlobalSection(ExtensibilityGlobals) = postSolution
		SolutionGuid = {FE72888E-912E-4CFA-A2E8-645475DF0C82}
	EndGlobalSection
EndGlobal
